
Microsoft Visual Studio Solution File, Format Version 12.00
# Visual Studio Version 17
VisualStudioVersion = 17.14.36623.8 d17.14
MinimumVisualStudioVersion = 10.0.40219.1
Project("{8BC9CEB8-8B4A-11D0-8D11-00A0C91BC942}") = "MY GAME 1.0", "MY GAME 1.0\MY GAME 1.0.vcxproj", "{402E892B-00DD-4239-9681-1DC24DBACD0B}"
EndProject
Project("{2150E333-8FDC-42A3-9474-1A3956D46DE8}") = "Elementos de la solución", "Elementos de la solución", "{D107F4C8-89CC-BEA8-D3D7-CA6B7733353D}"
	ProjectSection(SolutionItems) = preProject
		MAIN.CPP = MAIN.CPP
	EndProjectSection
EndProject
Global
	GlobalSection(SolutionConfigurationPlatforms) = preSolution
		Debug|x64 = Debug|x64
		Debug|x86 = Debug|x86
		Release|x64 = Release|x64
		Release|x86 = Release|x86
	EndGlobalSection
	GlobalSection(ProjectConfigurationPlatforms) = postSolution
		{402E892B-00DD-4239-9681-1DC24DBACD0B}.Debug|x64.ActiveCfg = Debug|x64
		{402E892B-00DD-4239-9681-1DC24DBACD0B}.Debug|x64.Build.0 = Debug|x64
		{402E892B-00DD-4239-9681-1DC24DBACD0B}.Debug|x86.ActiveCfg = Debug|Win32
		{402E892B-00DD-4239-9681-1DC24DBACD0B}.Debug|x86.Build.0 = Debug|Win32
		{402E892B-00DD-4239-9681-1DC24DBACD0B}.Release|x64.ActiveCfg = Release|x64
		{402E892B-00DD-4239-9681-1DC24DBACD0B}.Release|x64.Build.0 = Release|x64
		{402E892B-00DD-4239-9681-1DC24DBACD0B}.Release|x86.ActiveCfg = Release|Win32
		{402E892B-00DD-4239-9681-1DC24DBACD0B}.Release|x86.Build.0 = Release|Win32
	EndGlobalSection
	GlobalSection(SolutionProperties) = preSolution
		HideSolutionNode = FALSE
	EndGlobalSection
	GlobalSection(ExtensibilityGlobals) = postSolution
		SolutionGuid = {0C6C5ADD-C390-45BF-92EB-BC401937EE4C}
	EndGlobalSection
EndGlobal
